
Microsoft Visual Studio Solution File, Format Version 12.00
# Visual Studio Version 17
VisualStudioVersion = 17.10.34928.147
MinimumVisualStudioVersion = 10.0.40219.1
Project("{888888A0-9F3D-457C-B088-3A5042F75D52}") = "Blackjack", "Blackjack\Blackjack.pyproj", "{2ADAFAD3-A277-47D8-9DC0-ECFC950A3FE1}"
EndProject
Global
	GlobalSection(SolutionConfigurationPlatforms) = preSolution
		Debug|Any CPU = Debug|Any CPU
		Release|Any CPU = Release|Any CPU
	EndGlobalSection
	GlobalSection(ProjectConfigurationPlatforms) = postSolution
		{2ADAFAD3-A277-47D8-9DC0-ECFC950A3FE1}.Debug|Any CPU.ActiveCfg = Debug|Any CPU
		{2ADAFAD3-A277-47D8-9DC0-ECFC950A3FE1}.Release|Any CPU.ActiveCfg = Release|Any CPU
	EndGlobalSection
	GlobalSection(SolutionProperties) = preSolution
		HideSolutionNode = FALSE
	EndGlobalSection
	GlobalSection(ExtensibilityGlobals) = postSolution
		SolutionGuid = {C51C317D-6A16-4FFA-85CC-1FF102494D58}
	EndGlobalSection
EndGlobal
